<?xml version="1.0" encoding="utf-8"?>
<Project ToolsVersion="Current" xmlns="http://schemas.microsoft.com/developer/msbuild/2003">
  <ItemGroup>
    <ClCompile Include="Application.cpp" />
    <ClCompile Include="log.cpp" />
    <ClCompile Include="Main.cpp" />
    <ClCompile Include="ModuleInput.cpp" />
    <ClCompile Include="ModuleRender.cpp" />
    <ClCompile Include="ModuleWindow.cpp" />
    <ClCompile Include="MathGeoLib-master\src\Algorithm\GJK.cpp">
      <Filter>MathGeoLib</Filter>
    </ClCompile>
    <ClCompile Include="MathGeoLib-master\src\Algorithm\GJK2D.cpp">
      <Filter>MathGeoLib</Filter>
    </ClCompile>
    <ClCompile Include="MathGeoLib-master\src\Algorithm\Random\LCG.cpp">
      <Filter>MathGeoLib</Filter>
    </ClCompile>
    <ClCompile Include="MathGeoLib-master\src\Algorithm\SAT.cpp">
      <Filter>MathGeoLib</Filter>
    </ClCompile>
    <ClCompile Include="MathGeoLib-master\src\Geometry\AABB.cpp">
      <Filter>MathGeoLib</Filter>
    </ClCompile>
    <ClCompile Include="MathGeoLib-master\src\Geometry\Capsule.cpp">
      <Filter>MathGeoLib</Filter>
    </ClCompile>
    <ClCompile Include="MathGeoLib-master\src\Geometry\Circle.cpp">
      <Filter>MathGeoLib</Filter>
    </ClCompile>
    <ClCompile Include="MathGeoLib-master\src\Geometry\Circle2D.cpp">
      <Filter>MathGeoLib</Filter>
    </ClCompile>
    <ClCompile Include="MathGeoLib-master\src\Geometry\Frustum.cpp">
      <Filter>MathGeoLib</Filter>
    </ClCompile>
    <ClCompile Include="MathGeoLib-master\src\Geometry\Line.cpp">
      <Filter>MathGeoLib</Filter>
    </ClCompile>
    <ClCompile Include="MathGeoLib-master\src\Geometry\LineSegment.cpp">
      <Filter>MathGeoLib</Filter>
    </ClCompile>
    <ClCompile Include="MathGeoLib-master\src\Geometry\LineSegment2D.cpp">
      <Filter>MathGeoLib</Filter>
    </ClCompile>
    <ClCompile Include="MathGeoLib-master\src\Geometry\OBB.cpp">
      <Filter>MathGeoLib</Filter>
    </ClCompile>
    <ClCompile Include="MathGeoLib-master\src\Geometry\PBVolume.cpp">
      <Filter>MathGeoLib</Filter>
    </ClCompile>
    <ClCompile Include="MathGeoLib-master\src\Geometry\Plane.cpp">
      <Filter>MathGeoLib</Filter>
    </ClCompile>
    <ClCompile Include="MathGeoLib-master\src\Geometry\Polygon.cpp">
      <Filter>MathGeoLib</Filter>
    </ClCompile>
    <ClCompile Include="MathGeoLib-master\src\Geometry\Polyhedron.cpp">
      <Filter>MathGeoLib</Filter>
    </ClCompile>
    <ClCompile Include="MathGeoLib-master\src\Geometry\Ray.cpp">
      <Filter>MathGeoLib</Filter>
    </ClCompile>
    <ClCompile Include="MathGeoLib-master\src\Geometry\Sphere.cpp">
      <Filter>MathGeoLib</Filter>
    </ClCompile>
    <ClCompile Include="MathGeoLib-master\src\Geometry\Triangle.cpp">
      <Filter>MathGeoLib</Filter>
    </ClCompile>
    <ClCompile Include="MathGeoLib-master\src\Geometry\Triangle2D.cpp">
      <Filter>MathGeoLib</Filter>
    </ClCompile>
    <ClCompile Include="MathGeoLib-master\src\Geometry\TriangleMesh.cpp">
      <Filter>MathGeoLib</Filter>
    </ClCompile>
    <ClCompile Include="MathGeoLib-master\src\Math\BitOps.cpp">
      <Filter>MathGeoLib</Filter>
    </ClCompile>
    <ClCompile Include="MathGeoLib-master\src\Math\Callstack.cpp">
      <Filter>MathGeoLib</Filter>
    </ClCompile>
    <ClCompile Include="MathGeoLib-master\src\Math\float2.cpp">
      <Filter>MathGeoLib</Filter>
    </ClCompile>
    <ClCompile Include="MathGeoLib-master\src\Math\float3.cpp">
      <Filter>MathGeoLib</Filter>
    </ClCompile>
    <ClCompile Include="MathGeoLib-master\src\Math\float3x3.cpp">
      <Filter>MathGeoLib</Filter>
    </ClCompile>
    <ClCompile Include="MathGeoLib-master\src\Math\float3x4.cpp">
      <Filter>MathGeoLib</Filter>
    </ClCompile>
    <ClCompile Include="MathGeoLib-master\src\Math\float4.cpp">
      <Filter>MathGeoLib</Filter>
    </ClCompile>
    <ClCompile Include="MathGeoLib-master\src\Math\float4d.cpp">
      <Filter>MathGeoLib</Filter>
    </ClCompile>
    <ClCompile Include="MathGeoLib-master\src\Math\float4x4.cpp">
      <Filter>MathGeoLib</Filter>
    </ClCompile>
    <ClCompile Include="MathGeoLib-master\src\Math\grisu3.c">
      <Filter>MathGeoLib</Filter>
    </ClCompile>
    <ClCompile Include="MathGeoLib-master\src\Math\grisu3_cpp.cpp">
      <Filter>MathGeoLib</Filter>
    </ClCompile>
    <ClCompile Include="MathGeoLib-master\src\Math\MathFunc.cpp">
      <Filter>MathGeoLib</Filter>
    </ClCompile>
    <ClCompile Include="MathGeoLib-master\src\Math\MathLog.cpp">
      <Filter>MathGeoLib</Filter>
    </ClCompile>
    <ClCompile Include="MathGeoLib-master\src\Math\MathOps.cpp">
      <Filter>MathGeoLib</Filter>
    </ClCompile>
    <ClCompile Include="MathGeoLib-master\src\Math\MiniFloat.cpp">
      <Filter>MathGeoLib</Filter>
    </ClCompile>
    <ClCompile Include="MathGeoLib-master\src\Math\Polynomial.cpp">
      <Filter>MathGeoLib</Filter>
    </ClCompile>
    <ClCompile Include="MathGeoLib-master\src\Math\Quat.cpp">
      <Filter>MathGeoLib</Filter>
    </ClCompile>
    <ClCompile Include="MathGeoLib-master\src\Math\SSEMath.cpp">
      <Filter>MathGeoLib</Filter>
    </ClCompile>
    <ClCompile Include="MathGeoLib-master\src\Math\TransformOps.cpp">
      <Filter>MathGeoLib</Filter>
    </ClCompile>
    <ClCompile Include="MathGeoLib-master\src\Time\Clock.cpp">
      <Filter>MathGeoLib</Filter>
    </ClCompile>
    <ClCompile Include="ModuleCamera.cpp" />
    <ClCompile Include="ModuleProgram.cpp" />
    <ClCompile Include="ModuleRenderExercise.cpp" />
    <ClCompile Include="Texture2D.cpp">
      <Filter>Shaders\Utils</Filter>
    </ClCompile>
    <ClCompile Include="ImGui\imgui.cpp">
      <Filter>Graphics\ImGui</Filter>
    </ClCompile>
    <ClCompile Include="ImGui\imgui_demo.cpp">
      <Filter>Graphics\ImGui</Filter>
    </ClCompile>
    <ClCompile Include="ImGui\imgui_draw.cpp">
      <Filter>Graphics\ImGui</Filter>
    </ClCompile>
    <ClCompile Include="ImGui\imgui_impl_opengl3.cpp">
      <Filter>Graphics\ImGui</Filter>
    </ClCompile>
    <ClCompile Include="ImGui\imgui_impl_sdl.cpp">
      <Filter>Graphics\ImGui</Filter>
    </ClCompile>
    <ClCompile Include="ImGui\imgui_widgets.cpp">
      <Filter>Graphics\ImGui</Filter>
    </ClCompile>
    <ClCompile Include="ModuleEditor.cpp" />
    <ClCompile Include="DefaultImGuiWindow.cpp">
      <Filter>Graphics\UIWindow</Filter>
    </ClCompile>
    <ClCompile Include="ConsoleWindow.cpp">
      <Filter>Graphics\UIWindow</Filter>
    </ClCompile>
    <ClCompile Include="ConfigurationWindow.cpp">
      <Filter>Graphics\UIWindow</Filter>
    </ClCompile>
    <ClCompile Include="ModuleExercise2.cpp" />
    <ClCompile Include="Model.cpp">
      <Filter>Core\Model</Filter>
    </ClCompile>
    <ClCompile Include="Mesh.cpp">
      <Filter>Core\Mesh</Filter>
    </ClCompile>
    <ClCompile Include="GeometryLoader.cpp" />
    <ClCompile Include="PreviewWindow.cpp">
      <Filter>Graphics\UIWindow</Filter>
    </ClCompile>
    <ClCompile Include="Texture.cpp">
      <Filter>Core</Filter>
    </ClCompile>
  </ItemGroup>
  <ItemGroup>
    <ClInclude Include="Application.h" />
    <ClInclude Include="Globals.h" />
    <ClInclude Include="Module.h" />
    <ClInclude Include="ModuleInput.h" />
    <ClInclude Include="ModuleRender.h" />
    <ClInclude Include="ModuleWindow.h" />
    <ClInclude Include="MathGeoLib-master\src\Algorithm\GJK.h">
      <Filter>MathGeoLib</Filter>
    </ClInclude>
    <ClInclude Include="MathGeoLib-master\src\Algorithm\GJK2D.h">
      <Filter>MathGeoLib</Filter>
    </ClInclude>
    <ClInclude Include="MathGeoLib-master\src\Algorithm\Random\LCG.h">
      <Filter>MathGeoLib</Filter>
    </ClInclude>
    <ClInclude Include="MathGeoLib-master\src\Algorithm\SAT.h">
      <Filter>MathGeoLib</Filter>
    </ClInclude>
    <ClInclude Include="MathGeoLib-master\src\emscripten\library_system.h">
      <Filter>MathGeoLib</Filter>
    </ClInclude>
    <ClInclude Include="MathGeoLib-master\src\Geometry\AABB.h">
      <Filter>MathGeoLib</Filter>
    </ClInclude>
    <ClInclude Include="MathGeoLib-master\src\Geometry\AABB2D.h">
      <Filter>MathGeoLib</Filter>
    </ClInclude>
    <ClInclude Include="MathGeoLib-master\src\Geometry\Capsule.h">
      <Filter>MathGeoLib</Filter>
    </ClInclude>
    <ClInclude Include="MathGeoLib-master\src\Geometry\Circle.h">
      <Filter>MathGeoLib</Filter>
    </ClInclude>
    <ClInclude Include="MathGeoLib-master\src\Geometry\Circle2D.h">
      <Filter>MathGeoLib</Filter>
    </ClInclude>
    <ClInclude Include="MathGeoLib-master\src\Geometry\Frustum.h">
      <Filter>MathGeoLib</Filter>
    </ClInclude>
    <ClInclude Include="MathGeoLib-master\src\Geometry\GeometryAll.h">
      <Filter>MathGeoLib</Filter>
    </ClInclude>
    <ClInclude Include="MathGeoLib-master\src\Geometry\GeomType.h">
      <Filter>MathGeoLib</Filter>
    </ClInclude>
    <ClInclude Include="MathGeoLib-master\src\Geometry\HitInfo.h">
      <Filter>MathGeoLib</Filter>
    </ClInclude>
    <ClInclude Include="MathGeoLib-master\src\Geometry\KDTree.h">
      <Filter>MathGeoLib</Filter>
    </ClInclude>
    <ClInclude Include="MathGeoLib-master\src\Geometry\Line.h">
      <Filter>MathGeoLib</Filter>
    </ClInclude>
    <ClInclude Include="MathGeoLib-master\src\Geometry\LineSegment.h">
      <Filter>MathGeoLib</Filter>
    </ClInclude>
    <ClInclude Include="MathGeoLib-master\src\Geometry\LineSegment2D.h">
      <Filter>MathGeoLib</Filter>
    </ClInclude>
    <ClInclude Include="MathGeoLib-master\src\Geometry\OBB.h">
      <Filter>MathGeoLib</Filter>
    </ClInclude>
    <ClInclude Include="MathGeoLib-master\src\Geometry\OBB2D.h">
      <Filter>MathGeoLib</Filter>
    </ClInclude>
    <ClInclude Include="MathGeoLib-master\src\Geometry\PBVolume.h">
      <Filter>MathGeoLib</Filter>
    </ClInclude>
    <ClInclude Include="MathGeoLib-master\src\Geometry\Plane.h">
      <Filter>MathGeoLib</Filter>
    </ClInclude>
    <ClInclude Include="MathGeoLib-master\src\Geometry\Polygon.h">
      <Filter>MathGeoLib</Filter>
    </ClInclude>
    <ClInclude Include="MathGeoLib-master\src\Geometry\Polygon2DRef.h">
      <Filter>MathGeoLib</Filter>
    </ClInclude>
    <ClInclude Include="MathGeoLib-master\src\Geometry\Polyhedron.h">
      <Filter>MathGeoLib</Filter>
    </ClInclude>
    <ClInclude Include="MathGeoLib-master\src\Geometry\QuadTree.h">
      <Filter>MathGeoLib</Filter>
    </ClInclude>
    <ClInclude Include="MathGeoLib-master\src\Geometry\Ray.h">
      <Filter>MathGeoLib</Filter>
    </ClInclude>
    <ClInclude Include="MathGeoLib-master\src\Geometry\Sphere.h">
      <Filter>MathGeoLib</Filter>
    </ClInclude>
    <ClInclude Include="MathGeoLib-master\src\Geometry\Triangle.h">
      <Filter>MathGeoLib</Filter>
    </ClInclude>
    <ClInclude Include="MathGeoLib-master\src\Geometry\Triangle2D.h">
      <Filter>MathGeoLib</Filter>
    </ClInclude>
    <ClInclude Include="MathGeoLib-master\src\Geometry\TriangleMesh.h">
      <Filter>MathGeoLib</Filter>
    </ClInclude>
    <ClInclude Include="MathGeoLib-master\src\Math\assume.h">
      <Filter>MathGeoLib</Filter>
    </ClInclude>
    <ClInclude Include="MathGeoLib-master\src\Math\BitFuncs.h">
      <Filter>MathGeoLib</Filter>
    </ClInclude>
    <ClInclude Include="MathGeoLib-master\src\Math\BitOps.h">
      <Filter>MathGeoLib</Filter>
    </ClInclude>
    <ClInclude Include="MathGeoLib-master\src\Math\Callstack.h">
      <Filter>MathGeoLib</Filter>
    </ClInclude>
    <ClInclude Include="MathGeoLib-master\src\Math\FixedPoint.h">
      <Filter>MathGeoLib</Filter>
    </ClInclude>
    <ClInclude Include="MathGeoLib-master\src\Math\float2.h">
      <Filter>MathGeoLib</Filter>
    </ClInclude>
    <ClInclude Include="MathGeoLib-master\src\Math\float3.h">
      <Filter>MathGeoLib</Filter>
    </ClInclude>
    <ClInclude Include="MathGeoLib-master\src\Math\float3x3.h">
      <Filter>MathGeoLib</Filter>
    </ClInclude>
    <ClInclude Include="MathGeoLib-master\src\Math\float3x4.h">
      <Filter>MathGeoLib</Filter>
    </ClInclude>
    <ClInclude Include="MathGeoLib-master\src\Math\float4.h">
      <Filter>MathGeoLib</Filter>
    </ClInclude>
    <ClInclude Include="MathGeoLib-master\src\Math\float4d.h">
      <Filter>MathGeoLib</Filter>
    </ClInclude>
    <ClInclude Include="MathGeoLib-master\src\Math\float4x4.h">
      <Filter>MathGeoLib</Filter>
    </ClInclude>
    <ClInclude Include="MathGeoLib-master\src\Math\float4x4_neon.h">
      <Filter>MathGeoLib</Filter>
    </ClInclude>
    <ClInclude Include="MathGeoLib-master\src\Math\float4x4_sse.h">
      <Filter>MathGeoLib</Filter>
    </ClInclude>
    <ClInclude Include="MathGeoLib-master\src\Math\float4_neon.h">
      <Filter>MathGeoLib</Filter>
    </ClInclude>
    <ClInclude Include="MathGeoLib-master\src\Math\float4_sse.h">
      <Filter>MathGeoLib</Filter>
    </ClInclude>
    <ClInclude Include="MathGeoLib-master\src\Math\FloatCmp.h">
      <Filter>MathGeoLib</Filter>
    </ClInclude>
    <ClInclude Include="MathGeoLib-master\src\Math\grisu3.h">
      <Filter>MathGeoLib</Filter>
    </ClInclude>
    <ClInclude Include="MathGeoLib-master\src\Math\InclWindows.h">
      <Filter>MathGeoLib</Filter>
    </ClInclude>
    <ClInclude Include="MathGeoLib-master\src\Math\Interpolate.h">
      <Filter>MathGeoLib</Filter>
    </ClInclude>
    <ClInclude Include="MathGeoLib-master\src\Math\MathAll.h">
      <Filter>MathGeoLib</Filter>
    </ClInclude>
    <ClInclude Include="MathGeoLib-master\src\Math\MathConstants.h">
      <Filter>MathGeoLib</Filter>
    </ClInclude>
    <ClInclude Include="MathGeoLib-master\src\Math\MathFunc.h">
      <Filter>MathGeoLib</Filter>
    </ClInclude>
    <ClInclude Include="MathGeoLib-master\src\Math\MathLog.h">
      <Filter>MathGeoLib</Filter>
    </ClInclude>
    <ClInclude Include="MathGeoLib-master\src\Math\MathNamespace.h">
      <Filter>MathGeoLib</Filter>
    </ClInclude>
    <ClInclude Include="MathGeoLib-master\src\Math\MathTypes.h">
      <Filter>MathGeoLib</Filter>
    </ClInclude>
    <ClInclude Include="MathGeoLib-master\src\Math\MatrixProxy.h">
      <Filter>MathGeoLib</Filter>
    </ClInclude>
    <ClInclude Include="MathGeoLib-master\src\Math\MiniFloat.h">
      <Filter>MathGeoLib</Filter>
    </ClInclude>
    <ClInclude Include="MathGeoLib-master\src\Math\MultiLineMacro.h">
      <Filter>MathGeoLib</Filter>
    </ClInclude>
    <ClInclude Include="MathGeoLib-master\src\Math\myassert.h">
      <Filter>MathGeoLib</Filter>
    </ClInclude>
    <ClInclude Include="MathGeoLib-master\src\Math\Polynomial.h">
      <Filter>MathGeoLib</Filter>
    </ClInclude>
    <ClInclude Include="MathGeoLib-master\src\Math\Quat.h">
      <Filter>MathGeoLib</Filter>
    </ClInclude>
    <ClInclude Include="MathGeoLib-master\src\Math\quat_simd.h">
      <Filter>MathGeoLib</Filter>
    </ClInclude>
    <ClInclude Include="MathGeoLib-master\src\Math\Rect.h">
      <Filter>MathGeoLib</Filter>
    </ClInclude>
    <ClInclude Include="MathGeoLib-master\src\Math\Reinterpret.h">
      <Filter>MathGeoLib</Filter>
    </ClInclude>
    <ClInclude Include="MathGeoLib-master\src\Math\simd.h">
      <Filter>MathGeoLib</Filter>
    </ClInclude>
    <ClInclude Include="MathGeoLib-master\src\Math\SSEMath.h">
      <Filter>MathGeoLib</Filter>
    </ClInclude>
    <ClInclude Include="MathGeoLib-master\src\Math\sse_mathfun.h">
      <Filter>MathGeoLib</Filter>
    </ClInclude>
    <ClInclude Include="MathGeoLib-master\src\Math\Swap.h">
      <Filter>MathGeoLib</Filter>
    </ClInclude>
    <ClInclude Include="MathGeoLib-master\src\Math\TransformOps.h">
      <Filter>MathGeoLib</Filter>
    </ClInclude>
    <ClInclude Include="MathGeoLib-master\src\Math\vec2d.h">
      <Filter>MathGeoLib</Filter>
    </ClInclude>
    <ClInclude Include="MathGeoLib-master\src\Time\Clock.h">
      <Filter>MathGeoLib</Filter>
    </ClInclude>
    <ClInclude Include="MathGeoLib-master\src\MathBuildConfig.h">
      <Filter>MathGeoLib</Filter>
    </ClInclude>
    <ClInclude Include="MathGeoLib-master\src\MathGeoLib.h">
      <Filter>MathGeoLib</Filter>
    </ClInclude>
    <ClInclude Include="MathGeoLib-master\src\MathGeoLibFwd.h">
      <Filter>MathGeoLib</Filter>
    </ClInclude>
    <ClInclude Include="ModuleCamera.h" />
    <ClInclude Include="Point.h">
      <Filter>Shaders\Utils</Filter>
    </ClInclude>
    <ClInclude Include="ModuleProgram.h" />
    <ClInclude Include="ModuleRenderExercise.h" />
    <ClInclude Include="Texture2D.h">
      <Filter>Shaders\Utils</Filter>
    </ClInclude>
    <ClInclude Include="ImGui\imconfig.h">
      <Filter>Graphics\ImGui</Filter>
    </ClInclude>
    <ClInclude Include="ImGui\imgui.h">
      <Filter>Graphics\ImGui</Filter>
    </ClInclude>
    <ClInclude Include="ImGui\imgui_impl_opengl3.h">
      <Filter>Graphics\ImGui</Filter>
    </ClInclude>
    <ClInclude Include="ImGui\imgui_impl_sdl.h">
      <Filter>Graphics\ImGui</Filter>
    </ClInclude>
    <ClInclude Include="ImGui\imgui_internal.h">
      <Filter>Graphics\ImGui</Filter>
    </ClInclude>
    <ClInclude Include="ImGui\imstb_rectpack.h">
      <Filter>Graphics\ImGui</Filter>
    </ClInclude>
    <ClInclude Include="ImGui\imstb_textedit.h">
      <Filter>Graphics\ImGui</Filter>
    </ClInclude>
    <ClInclude Include="ImGui\imstb_truetype.h">
      <Filter>Graphics\ImGui</Filter>
    </ClInclude>
    <ClInclude Include="ModuleEditor.h" />
    <ClInclude Include="DefaultImGuiWindow.h">
      <Filter>Graphics\UIWindow</Filter>
    </ClInclude>
    <ClInclude Include="ConsoleWindow.h">
      <Filter>Graphics\UIWindow</Filter>
    </ClInclude>
    <ClInclude Include="ConfigurationWindow.h">
      <Filter>Graphics\UIWindow</Filter>
    </ClInclude>
    <ClInclude Include="Core\Time.h">
      <Filter>Core</Filter>
    </ClInclude>
    <ClInclude Include="ModuleExercise2.h" />
    <ClInclude Include="Model.h">
      <Filter>Core\Model</Filter>
    </ClInclude>
    <ClInclude Include="Mesh.h">
      <Filter>Core\Mesh</Filter>
    </ClInclude>
    <ClInclude Include="GeometryLoader.h" />
    <ClInclude Include="Vertex.h">
      <Filter>Core</Filter>
    </ClInclude>
    <ClInclude Include="Texture.h">
      <Filter>Core</Filter>
    </ClInclude>
    <ClInclude Include="PreviewWindow.h">
      <Filter>Graphics\UIWindow</Filter>
    </ClInclude>
  </ItemGroup>
  <ItemGroup>
    <Filter Include="MathGeoLib">
      <UniqueIdentifier>{3c8e6d0b-a7bb-4b43-b488-5b0d8a62f6c9}</UniqueIdentifier>
    </Filter>
    <Filter Include="Shaders">
      <UniqueIdentifier>{2ddcefa5-5550-47b2-b0c9-3f33fe98bad0}</UniqueIdentifier>
    </Filter>
    <Filter Include="Graphics">
      <UniqueIdentifier>{826cc23b-b061-4474-9c90-7b5814149368}</UniqueIdentifier>
    </Filter>
    <Filter Include="Graphics\ImGui">
      <UniqueIdentifier>{4231776c-f7cf-43a1-9916-ed6bd710fe8b}</UniqueIdentifier>
    </Filter>
    <Filter Include="Graphics\UIWindow">
      <UniqueIdentifier>{40e881ee-16d6-484f-8841-ea309d753f5f}</UniqueIdentifier>
    </Filter>
    <Filter Include="Core">
      <UniqueIdentifier>{ebb6cf58-a825-4957-9447-ace7c8bf1e2c}</UniqueIdentifier>
    </Filter>
    <Filter Include="Core\Model">
      <UniqueIdentifier>{1800a3e0-dc82-4f1c-bc94-d9377714d235}</UniqueIdentifier>
    </Filter>
    <Filter Include="Core\Mesh">
      <UniqueIdentifier>{7a347214-cc5c-48de-bc20-d7cb9e6052e3}</UniqueIdentifier>
    </Filter>
    <Filter Include="Core\GeometryLoader">
      <UniqueIdentifier>{2513219a-37c0-4b2f-97b0-ca73ef54453c}</UniqueIdentifier>
    </Filter>
    <Filter Include="Shaders\Utils">
      <UniqueIdentifier>{95d2f25f-80a0-46f7-82b9-7f0cf855ab5e}</UniqueIdentifier>
    </Filter>
  </ItemGroup>
  <ItemGroup>
    <None Include="MathGeoLib-master\src\Geometry\KDTree.inl">
      <Filter>MathGeoLib</Filter>
    </None>
    <None Include="MathGeoLib-master\src\Geometry\QuadTree.inl">
      <Filter>MathGeoLib</Filter>
    </None>
    <None Include="MathGeoLib-master\src\Geometry\TriangleMesh_IntersectRay_AVX.inl">
      <Filter>MathGeoLib</Filter>
    </None>
    <None Include="MathGeoLib-master\src\Geometry\TriangleMesh_IntersectRay_CPP.inl">
      <Filter>MathGeoLib</Filter>
    </None>
    <None Include="MathGeoLib-master\src\Geometry\TriangleMesh_IntersectRay_SSE.inl">
      <Filter>MathGeoLib</Filter>
    </None>
    <None Include="MathGeoLib-master\src\Math\float2.inl">
      <Filter>MathGeoLib</Filter>
    </None>
    <None Include="MathGeoLib-master\src\Math\Matrix.inl">
      <Filter>MathGeoLib</Filter>
    </None>
    <None Include="Game\HelloWorld.frag">
      <Filter>Shaders</Filter>
    </None>
    <None Include="Game\HelloWorld.vert">
      <Filter>Shaders</Filter>
    </None>
  </ItemGroup>
</Project>